{
  "name": "3_year",
  "lockfileVersion": 3,
  "requires": true,
  "packages": {
    "": {
      "dependencies": {
        "@tanstack/react-query": "^5.91.3",
        "lucide-react": "^0.577.0"
      }
    },
    "node_modules/@tanstack/query-core": {
      "version": "5.91.2",
      "resolved": "https://registry.npmjs.org/@tanstack/query-core/-/query-core-5.91.2.tgz",
      "integrity": "sha512-Uz2pTgPC1mhqrrSGg18RKCWT/pkduAYtxbcyIyKBhw7dTWjXZIzqmpzO2lBkyWr4hlImQgpu1m1pei3UnkFRWw==",
      "license": "MIT",
      "funding": {
        "type": "github",
        "url": "https://github.com/sponsors/tannerlinsley"
      }
    },
    "node_modules/@tanstack/react-query": {
      "version": "5.91.3",
      "resolved": "https://registry.npmjs.org/@tanstack/react-query/-/react-query-5.91.3.tgz",
      "integrity": "sha512-D8jsCexxS5crZxAeiH6VlLHOUzmHOxeW5c11y8rZu0c34u/cy18hUKQXA/gn1Ila3ZIFzP+Pzv76YnliC0EtZQ==",
      "license": "MIT",
      "dependencies": {
        "@tanstack/query-core": "5.91.2"
      },
      "funding": {
        "type": "github",
        "url": "https://github.com/sponsors/tannerlinsley"
      },
      "peerDependencies": {
        "react": "^18 || ^19"
      }
    },
    "node_modules/lucide-react": {
      "version": "0.577.0",
      "resolved": "https://registry.npmjs.org/lucide-react/-/lucide-react-0.577.0.tgz",
      "integrity": "sha512-4LjoFv2eEPwYDPg/CUdBJQSDfPyzXCRrVW1X7jrx/trgxnxkHFjnVZINbzvzxjN70dxychOfg+FTYwBiS3pQ5A==",
      "license": "ISC",
      "peerDependencies": {
        "react": "^16.5.1 || ^17.0.0 || ^18.0.0 || ^19.0.0"
      }
    },
    "node_modules/react": {
      "version": "19.2.4",
      "resolved": "https://registry.npmjs.org/react/-/react-19.2.4.tgz",
      "integrity": "sha512-9nfp2hYpCwOjAN+8TZFGhtWEwgvWHXqESH8qT89AT/lWklpLON22Lc8pEtnpsZz7VmawabSU0gCjnj8aC0euHQ==",
      "license": "MIT",
      "peer": true,
      "engines": {
        "node": ">=0.10.0"
      }
    }
  }
}
